
Microsoft Visual Studio Solution File, Format Version 12.00
# Visual Studio Version 16
VisualStudioVersion = 16.0.31911.196
MinimumVisualStudioVersion = 10.0.40219.1
Project("{FAE04EC0-301F-11D3-BF4B-00C04F79EFBC}") = "BcpDesign.Android", "BcpDesign\BcpDesign.Android\BcpDesign.Android.csproj", "{295AC565-1CBA-4EC1-BA96-7FD2E739D998}"
EndProject
Project("{FAE04EC0-301F-11D3-BF4B-00C04F79EFBC}") = "BcpDesign.iOS", "BcpDesign\BcpDesign.iOS\BcpDesign.iOS.csproj", "{20FA276A-0133-4DEC-B617-8A443392DB81}"
EndProject
Project("{FAE04EC0-301F-11D3-BF4B-00C04F79EFBC}") = "BcpDesign", "BcpDesign\BcpDesign\BcpDesign.csproj", "{20C14690-A49D-43D7-8490-6A12D8854AAD}"
EndProject
Global
	GlobalSection(SolutionConfigurationPlatforms) = preSolution
		Debug|Any CPU = Debug|Any CPU
		Debug|iPhone = Debug|iPhone
		Debug|iPhoneSimulator = Debug|iPhoneSimulator
		Release|Any CPU = Release|Any CPU
		Release|iPhone = Release|iPhone
		Release|iPhoneSimulator = Release|iPhoneSimulator
	EndGlobalSection
	GlobalSection(ProjectConfigurationPlatforms) = postSolution
		{295AC565-1CBA-4EC1-BA96-7FD2E739D998}.Debug|Any CPU.ActiveCfg = Debug|Any CPU
		{295AC565-1CBA-4EC1-BA96-7FD2E739D998}.Debug|Any CPU.Build.0 = Debug|Any CPU
		{295AC565-1CBA-4EC1-BA96-7FD2E739D998}.Debug|Any CPU.Deploy.0 = Debug|Any CPU
		{295AC565-1CBA-4EC1-BA96-7FD2E739D998}.Debug|iPhone.ActiveCfg = Debug|Any CPU
		{295AC565-1CBA-4EC1-BA96-7FD2E739D998}.Debug|iPhone.Build.0 = Debug|Any CPU
		{295AC565-1CBA-4EC1-BA96-7FD2E739D998}.Debug|iPhone.Deploy.0 = Debug|Any CPU
		{295AC565-1CBA-4EC1-BA96-7FD2E739D998}.Debug|iPhoneSimulator.ActiveCfg = Debug|Any CPU
		{295AC565-1CBA-4EC1-BA96-7FD2E739D998}.Debug|iPhoneSimulator.Build.0 = Debug|Any CPU
		{295AC565-1CBA-4EC1-BA96-7FD2E739D998}.Debug|iPhoneSimulator.Deploy.0 = Debug|Any CPU
		{295AC565-1CBA-4EC1-BA96-7FD2E739D998}.Release|Any CPU.ActiveCfg = Release|Any CPU
		{295AC565-1CBA-4EC1-BA96-7FD2E739D998}.Release|Any CPU.Build.0 = Release|Any CPU
		{295AC565-1CBA-4EC1-BA96-7FD2E739D998}.Release|Any CPU.Deploy.0 = Release|Any CPU
		{295AC565-1CBA-4EC1-BA96-7FD2E739D998}.Release|iPhone.ActiveCfg = Release|Any CPU
		{295AC565-1CBA-4EC1-BA96-7FD2E739D998}.Release|iPhone.Build.0 = Release|Any CPU
		{295AC565-1CBA-4EC1-BA96-7FD2E739D998}.Release|iPhone.Deploy.0 = Release|Any CPU
		{295AC565-1CBA-4EC1-BA96-7FD2E739D998}.Release|iPhoneSimulator.ActiveCfg = Release|Any CPU
		{295AC565-1CBA-4EC1-BA96-7FD2E739D998}.Release|iPhoneSimulator.Build.0 = Release|Any CPU
		{295AC565-1CBA-4EC1-BA96-7FD2E739D998}.Release|iPhoneSimulator.Deploy.0 = Release|Any CPU
		{20FA276A-0133-4DEC-B617-8A443392DB81}.Debug|Any CPU.ActiveCfg = Debug|iPhone
		{20FA276A-0133-4DEC-B617-8A443392DB81}.Debug|Any CPU.Build.0 = Debug|iPhone
		{20FA276A-0133-4DEC-B617-8A443392DB81}.Debug|Any CPU.Deploy.0 = Debug|iPhone
		{20FA276A-0133-4DEC-B617-8A443392DB81}.Debug|iPhone.ActiveCfg = Debug|iPhone
		{20FA276A-0133-4DEC-B617-8A443392DB81}.Debug|iPhone.Build.0 = Debug|iPhone
		{20FA276A-0133-4DEC-B617-8A443392DB81}.Debug|iPhone.Deploy.0 = Debug|iPhone
		{20FA276A-0133-4DEC-B617-8A443392DB81}.Debug|iPhoneSimulator.ActiveCfg = Debug|iPhoneSimulator
		{20FA276A-0133-4DEC-B617-8A443392DB81}.Debug|iPhoneSimulator.Build.0 = Debug|iPhoneSimulator
		{20FA276A-0133-4DEC-B617-8A443392DB81}.Debug|iPhoneSimulator.Deploy.0 = Debug|iPhoneSimulator
		{20FA276A-0133-4DEC-B617-8A443392DB81}.Release|Any CPU.ActiveCfg = Release|iPhoneSimulator
		{20FA276A-0133-4DEC-B617-8A443392DB81}.Release|Any CPU.Build.0 = Release|iPhoneSimulator
		{20FA276A-0133-4DEC-B617-8A443392DB81}.Release|Any CPU.Deploy.0 = Release|iPhoneSimulator
		{20FA276A-0133-4DEC-B617-8A443392DB81}.Release|iPhone.ActiveCfg = Release|iPhone
		{20FA276A-0133-4DEC-B617-8A443392DB81}.Release|iPhone.Build.0 = Release|iPhone
		{20FA276A-0133-4DEC-B617-8A443392DB81}.Release|iPhone.Deploy.0 = Release|iPhone
		{20FA276A-0133-4DEC-B617-8A443392DB81}.Release|iPhoneSimulator.ActiveCfg = Release|iPhoneSimulator
		{20FA276A-0133-4DEC-B617-8A443392DB81}.Release|iPhoneSimulator.Build.0 = Release|iPhoneSimulator
		{20FA276A-0133-4DEC-B617-8A443392DB81}.Release|iPhoneSimulator.Deploy.0 = Release|iPhoneSimulator
		{20C14690-A49D-43D7-8490-6A12D8854AAD}.Debug|Any CPU.ActiveCfg = Debug|Any CPU
		{20C14690-A49D-43D7-8490-6A12D8854AAD}.Debug|Any CPU.Build.0 = Debug|Any CPU
		{20C14690-A49D-43D7-8490-6A12D8854AAD}.Debug|Any CPU.Deploy.0 = Debug|Any CPU
		{20C14690-A49D-43D7-8490-6A12D8854AAD}.Debug|iPhone.ActiveCfg = Debug|Any CPU
		{20C14690-A49D-43D7-8490-6A12D8854AAD}.Debug|iPhone.Build.0 = Debug|Any CPU
		{20C14690-A49D-43D7-8490-6A12D8854AAD}.Debug|iPhone.Deploy.0 = Debug|Any CPU
		{20C14690-A49D-43D7-8490-6A12D8854AAD}.Debug|iPhoneSimulator.ActiveCfg = Debug|Any CPU
		{20C14690-A49D-43D7-8490-6A12D8854AAD}.Debug|iPhoneSimulator.Build.0 = Debug|Any CPU
		{20C14690-A49D-43D7-8490-6A12D8854AAD}.Debug|iPhoneSimulator.Deploy.0 = Debug|Any CPU
		{20C14690-A49D-43D7-8490-6A12D8854AAD}.Release|Any CPU.ActiveCfg = Release|Any CPU
		{20C14690-A49D-43D7-8490-6A12D8854AAD}.Release|Any CPU.Build.0 = Release|Any CPU
		{20C14690-A49D-43D7-8490-6A12D8854AAD}.Release|Any CPU.Deploy.0 = Release|Any CPU
		{20C14690-A49D-43D7-8490-6A12D8854AAD}.Release|iPhone.ActiveCfg = Release|Any CPU
		{20C14690-A49D-43D7-8490-6A12D8854AAD}.Release|iPhone.Build.0 = Release|Any CPU
		{20C14690-A49D-43D7-8490-6A12D8854AAD}.Release|iPhone.Deploy.0 = Release|Any CPU
		{20C14690-A49D-43D7-8490-6A12D8854AAD}.Release|iPhoneSimulator.ActiveCfg = Release|Any CPU
		{20C14690-A49D-43D7-8490-6A12D8854AAD}.Release|iPhoneSimulator.Build.0 = Release|Any CPU
		{20C14690-A49D-43D7-8490-6A12D8854AAD}.Release|iPhoneSimulator.Deploy.0 = Release|Any CPU
	EndGlobalSection
	GlobalSection(SolutionProperties) = preSolution
		HideSolutionNode = FALSE
	EndGlobalSection
	GlobalSection(ExtensibilityGlobals) = postSolution
		SolutionGuid = {5B0AF30A-A773-445F-B681-50F2AABA3CFE}
	EndGlobalSection
EndGlobal
